// !$*UTF8*$!
{
	archiveVersion = 1;
	classes = {
	};
	objectVersion = 56;
	objects = {

/* Begin PBXBuildFile section */
		C42F21682B72D77300EFB3D6 /* HabitTrackerApp.swift in Sources */ = {isa = PBXBuildFile; fileRef = C42F21672B72D77300EFB3D6 /* HabitTrackerApp.swift */; };
		C42F216A2B72D77300EFB3D6 /* Persistence.swift in Sources */ = {isa = PBXBuildFile; fileRef = C42F21692B72D77300EFB3D6 /* Persistence.swift */; };
		C42F216D2B72D77300EFB3D6 /* HabitTracker.xcdatamodeld in Sources */ = {isa = PBXBuildFile; fileRef = C42F216B2B72D77300EFB3D6 /* HabitTracker.xcdatamodeld */; };
		C42F216F2B72D77300EFB3D6 /* ContentView.swift in Sources */ = {isa = PBXBuildFile; fileRef = C42F216E2B72D77300EFB3D6 /* ContentView.swift */; };
		C42F21712B72D77400EFB3D6 /* Assets.xcassets in Resources */ = {isa = PBXBuildFile; fileRef = C42F21702B72D77400EFB3D6 /* Assets.xcassets */; };
		C42F21752B72D77400EFB3D6 /* Preview Assets.xcassets in Resources */ = {isa = PBXBuildFile; fileRef = C42F21742B72D77400EFB3D6 /* Preview Assets.xcassets */; };
		C42F217F2B72D77500EFB3D6 /* HabitTrackerTests.swift in Sources */ = {isa = PBXBuildFile; fileRef = C42F217E2B72D77500EFB3D6 /* HabitTrackerTests.swift */; };
		C42F21892B72D77500EFB3D6 /* HabitTrackerUITests.swift in Sources */ = {isa = PBXBuildFile; fileRef = C42F21882B72D77500EFB3D6 /* HabitTrackerUITests.swift */; };
		C42F218B2B72D77500EFB3D6 /* HabitTrackerUITestsLaunchTests.swift in Sources */ = {isa = PBXBuildFile; fileRef = C42F218A2B72D77500EFB3D6 /* HabitTrackerUITestsLaunchTests.swift */; };
		C42F219C2B72DF6F00EFB3D6 /* HabitViewModel.swift in Sources */ = {isa = PBXBuildFile; fileRef = C42F219B2B72DF6E00EFB3D6 /* HabitViewModel.swift */; };
		C42F21A22B72EEDC00EFB3D6 /* AddButton.swift in Sources */ = {isa = PBXBuildFile; fileRef = C42F21A12B72EEDC00EFB3D6 /* AddButton.swift */; };
		C42F21A52B72F68300EFB3D6 /* TextFieldStyles.swift in Sources */ = {isa = PBXBuildFile; fileRef = C42F21A42B72F68300EFB3D6 /* TextFieldStyles.swift */; };
		C42F21A82B72FC2600EFB3D6 /* AppColors.swift in Sources */ = {isa = PBXBuildFile; fileRef = C42F21A72B72FC2600EFB3D6 /* AppColors.swift */; };
		C4DBE39B2B7440750021E333 /* HabitModel.swift in Sources */ = {isa = PBXBuildFile; fileRef = C4DBE39A2B7440750021E333 /* HabitModel.swift */; };
		C4DBE39D2B74795D0021E333 /* HTDefaults.swift in Sources */ = {isa = PBXBuildFile; fileRef = C4DBE39C2B74795D0021E333 /* HTDefaults.swift */; };
/* End PBXBuildFile section */

/* Begin PBXContainerItemProxy section */
		C42F217B2B72D77500EFB3D6 /* PBXContainerItemProxy */ = {
			isa = PBXContainerItemProxy;
			containerPortal = C42F215C2B72D77300EFB3D6 /* Project object */;
			proxyType = 1;
			remoteGlobalIDString = C42F21632B72D77300EFB3D6;
			remoteInfo = HabitTracker;
		};
		C42F21852B72D77500EFB3D6 /* PBXContainerItemProxy */ = {
			isa = PBXContainerItemProxy;
			containerPortal = C42F215C2B72D77300EFB3D6 /* Project object */;
			proxyType = 1;
			remoteGlobalIDString = C42F21632B72D77300EFB3D6;
			remoteInfo = HabitTracker;
		};
/* End PBXContainerItemProxy section */

/* Begin PBXFileReference section */
		C42F21642B72D77300EFB3D6 /* HabitTracker.app */ = {isa = PBXFileReference; explicitFileType = wrapper.application; includeInIndex = 0; path = HabitTracker.app; sourceTree = BUILT_PRODUCTS_DIR; };
		C42F21672B72D77300EFB3D6 /* HabitTrackerApp.swift */ = {isa = PBXFileReference; lastKnownFileType = sourcecode.swift; path = HabitTrackerApp.swift; sourceTree = "<group>"; };
		C42F21692B72D77300EFB3D6 /* Persistence.swift */ = {isa = PBXFileReference; lastKnownFileType = sourcecode.swift; path = Persistence.swift; sourceTree = "<group>"; };
		C42F216C2B72D77300EFB3D6 /* HabitTracker.xcdatamodel */ = {isa = PBXFileReference; lastKnownFileType = wrapper.xcdatamodel; path = HabitTracker.xcdatamodel; sourceTree = "<group>"; };
		C42F216E2B72D77300EFB3D6 /* ContentView.swift */ = {isa = PBXFileReference; lastKnownFileType = sourcecode.swift; path = ContentView.swift; sourceTree = "<group>"; };
		C42F21702B72D77400EFB3D6 /* Assets.xcassets */ = {isa = PBXFileReference; lastKnownFileType = folder.assetcatalog; path = Assets.xcassets; sourceTree = "<group>"; };
		C42F21722B72D77400EFB3D6 /* HabitTracker.entitlements */ = {isa = PBXFileReference; lastKnownFileType = text.plist.entitlements; path = HabitTracker.entitlements; sourceTree = "<group>"; };
		C42F21742B72D77400EFB3D6 /* Preview Assets.xcassets */ = {isa = PBXFileReference; lastKnownFileType = folder.assetcatalog; path = "Preview Assets.xcassets"; sourceTree = "<group>"; };
		C42F217A2B72D77500EFB3D6 /* HabitTrackerTests.xctest */ = {isa = PBXFileReference; explicitFileType = wrapper.cfbundle; includeInIndex = 0; path = HabitTrackerTests.xctest; sourceTree = BUILT_PRODUCTS_DIR; };
		C42F217E2B72D77500EFB3D6 /* HabitTrackerTests.swift */ = {isa = PBXFileReference; lastKnownFileType = sourcecode.swift; path = HabitTrackerTests.swift; sourceTree = "<group>"; };
		C42F21842B72D77500EFB3D6 /* HabitTrackerUITests.xctest */ = {isa = PBXFileReference; explicitFileType = wrapper.cfbundle; includeInIndex = 0; path = HabitTrackerUITests.xctest; sourceTree = BUILT_PRODUCTS_DIR; };
		C42F21882B72D77500EFB3D6 /* HabitTrackerUITests.swift */ = {isa = PBXFileReference; lastKnownFileType = sourcecode.swift; path = HabitTrackerUITests.swift; sourceTree = "<group>"; };
		C42F218A2B72D77500EFB3D6 /* HabitTrackerUITestsLaunchTests.swift */ = {isa = PBXFileReference; lastKnownFileType = sourcecode.swift; path = HabitTrackerUITestsLaunchTests.swift; sourceTree = "<group>"; };
		C42F219B2B72DF6E00EFB3D6 /* HabitViewModel.swift */ = {isa = PBXFileReference; lastKnownFileType = sourcecode.swift; path = HabitViewModel.swift; sourceTree = "<group>"; };
		C42F21A12B72EEDC00EFB3D6 /* AddButton.swift */ = {isa = PBXFileReference; lastKnownFileType = sourcecode.swift; path = AddButton.swift; sourceTree = "<group>"; };
		C42F21A42B72F68300EFB3D6 /* TextFieldStyles.swift */ = {isa = PBXFileReference; lastKnownFileType = sourcecode.swift; path = TextFieldStyles.swift; sourceTree = "<group>"; };
		C42F21A72B72FC2600EFB3D6 /* AppColors.swift */ = {isa = PBXFileReference; lastKnownFileType = sourcecode.swift; path = AppColors.swift; sourceTree = "<group>"; };
		C4DBE39A2B7440750021E333 /* HabitModel.swift */ = {isa = PBXFileReference; lastKnownFileType = sourcecode.swift; path = HabitModel.swift; sourceTree = "<group>"; };
		C4DBE39C2B74795D0021E333 /* HTDefaults.swift */ = {isa = PBXFileReference; lastKnownFileType = sourcecode.swift; path = HTDefaults.swift; sourceTree = "<group>"; };
/* End PBXFileReference section */

/* Begin PBXFrameworksBuildPhase section */
		C42F21612B72D77300EFB3D6 /* Frameworks */ = {
			isa = PBXFrameworksBuildPhase;
			buildActionMask = 2147483647;
			files = (
			);
			runOnlyForDeploymentPostprocessing = 0;
		};
		C42F21772B72D77500EFB3D6 /* Frameworks */ = {
			isa = PBXFrameworksBuildPhase;
			buildActionMask = 2147483647;
			files = (
			);
			runOnlyForDeploymentPostprocessing = 0;
		};
		C42F21812B72D77500EFB3D6 /* Frameworks */ = {
			isa = PBXFrameworksBuildPhase;
			buildActionMask = 2147483647;
			files = (
			);
			runOnlyForDeploymentPostprocessing = 0;
		};
/* End PBXFrameworksBuildPhase section */

/* Begin PBXGroup section */
		C42F215B2B72D77300EFB3D6 = {
			isa = PBXGroup;
			children = (
				C42F21662B72D77300EFB3D6 /* HabitTracker */,
				C42F217D2B72D77500EFB3D6 /* HabitTrackerTests */,
				C42F21872B72D77500EFB3D6 /* HabitTrackerUITests */,
				C42F21652B72D77300EFB3D6 /* Products */,
			);
			sourceTree = "<group>";
		};
		C42F21652B72D77300EFB3D6 /* Products */ = {
			isa = PBXGroup;
			children = (
				C42F21642B72D77300EFB3D6 /* HabitTracker.app */,
				C42F217A2B72D77500EFB3D6 /* HabitTrackerTests.xctest */,
				C42F21842B72D77500EFB3D6 /* HabitTrackerUITests.xctest */,
			);
			name = Products;
			sourceTree = "<group>";
		};
		C42F21662B72D77300EFB3D6 /* HabitTracker */ = {
			isa = PBXGroup;
			children = (
				C42F21A62B72FC1100EFB3D6 /* Library */,
				C42F219A2B72DF6100EFB3D6 /* ViewModels */,
				C42F21972B72D8F400EFB3D6 /* Models */,
				C42F21672B72D77300EFB3D6 /* HabitTrackerApp.swift */,
				C42F21692B72D77300EFB3D6 /* Persistence.swift */,
				C42F216E2B72D77300EFB3D6 /* ContentView.swift */,
				C42F21702B72D77400EFB3D6 /* Assets.xcassets */,
				C42F21722B72D77400EFB3D6 /* HabitTracker.entitlements */,
				C42F216B2B72D77300EFB3D6 /* HabitTracker.xcdatamodeld */,
				C42F21732B72D77400EFB3D6 /* Preview Content */,
			);
			path = HabitTracker;
			sourceTree = "<group>";
		};
		C42F21732B72D77400EFB3D6 /* Preview Content */ = {
			isa = PBXGroup;
			children = (
				C42F21742B72D77400EFB3D6 /* Preview Assets.xcassets */,
			);
			path = "Preview Content";
			sourceTree = "<group>";
		};
		C42F217D2B72D77500EFB3D6 /* HabitTrackerTests */ = {
			isa = PBXGroup;
			children = (
				C42F217E2B72D77500EFB3D6 /* HabitTrackerTests.swift */,
			);
			path = HabitTrackerTests;
			sourceTree = "<group>";
		};
		C42F21872B72D77500EFB3D6 /* HabitTrackerUITests */ = {
			isa = PBXGroup;
			children = (
				C42F21882B72D77500EFB3D6 /* HabitTrackerUITests.swift */,
				C42F218A2B72D77500EFB3D6 /* HabitTrackerUITestsLaunchTests.swift */,
			);
			path = HabitTrackerUITests;
			sourceTree = "<group>";
		};
		C42F21972B72D8F400EFB3D6 /* Models */ = {
			isa = PBXGroup;
			children = (
				C4DBE39A2B7440750021E333 /* HabitModel.swift */,
			);
			path = Models;
			sourceTree = "<group>";
		};
		C42F219A2B72DF6100EFB3D6 /* ViewModels */ = {
			isa = PBXGroup;
			children = (
				C42F219B2B72DF6E00EFB3D6 /* HabitViewModel.swift */,
			);
			path = ViewModels;
			sourceTree = "<group>";
		};
		C42F219F2B72EEC400EFB3D6 /* ViewLibrary */ = {
			isa = PBXGroup;
			children = (
				C42F21A32B72F67500EFB3D6 /* ViewModifiers */,
				C42F21A02B72EECC00EFB3D6 /* Buttons */,
			);
			path = ViewLibrary;
			sourceTree = "<group>";
		};
		C42F21A02B72EECC00EFB3D6 /* Buttons */ = {
			isa = PBXGroup;
			children = (
				C42F21A12B72EEDC00EFB3D6 /* AddButton.swift */,
			);
			path = Buttons;
			sourceTree = "<group>";
		};
		C42F21A32B72F67500EFB3D6 /* ViewModifiers */ = {
			isa = PBXGroup;
			children = (
				C42F21A42B72F68300EFB3D6 /* TextFieldStyles.swift */,
			);
			path = ViewModifiers;
			sourceTree = "<group>";
		};
		C42F21A62B72FC1100EFB3D6 /* Library */ = {
			isa = PBXGroup;
			children = (
				C42F219F2B72EEC400EFB3D6 /* ViewLibrary */,
				C42F21A72B72FC2600EFB3D6 /* AppColors.swift */,
				C4DBE39C2B74795D0021E333 /* HTDefaults.swift */,
			);
			path = Library;
			sourceTree = "<group>";
		};
/* End PBXGroup section */

/* Begin PBXNativeTarget section */
		C42F21632B72D77300EFB3D6 /* HabitTracker */ = {
			isa = PBXNativeTarget;
			buildConfigurationList = C42F218E2B72D77500EFB3D6 /* Build configuration list for PBXNativeTarget "HabitTracker" */;
			buildPhases = (
				C42F21602B72D77300EFB3D6 /* Sources */,
				C42F21612B72D77300EFB3D6 /* Frameworks */,
				C42F21622B72D77300EFB3D6 /* Resources */,
			);
			buildRules = (
			);
			dependencies = (
			);
			name = HabitTracker;
			productName = HabitTracker;
			productReference = C42F21642B72D77300EFB3D6 /* HabitTracker.app */;
			productType = "com.apple.product-type.application";
		};
		C42F21792B72D77500EFB3D6 /* HabitTrackerTests */ = {
			isa = PBXNativeTarget;
			buildConfigurationList = C42F21912B72D77500EFB3D6 /* Build configuration list for PBXNativeTarget "HabitTrackerTests" */;
			buildPhases = (
				C42F21762B72D77500EFB3D6 /* Sources */,
				C42F21772B72D77500EFB3D6 /* Frameworks */,
				C42F21782B72D77500EFB3D6 /* Resources */,
			);
			buildRules = (
			);
			dependencies = (
				C42F217C2B72D77500EFB3D6 /* PBXTargetDependency */,
			);
			name = HabitTrackerTests;
			productName = HabitTrackerTests;
			productReference = C42F217A2B72D77500EFB3D6 /* HabitTrackerTests.xctest */;
			productType = "com.apple.product-type.bundle.unit-test";
		};
		C42F21832B72D77500EFB3D6 /* HabitTrackerUITests */ = {
			isa = PBXNativeTarget;
			buildConfigurationList = C42F21942B72D77500EFB3D6 /* Build configuration list for PBXNativeTarget "HabitTrackerUITests" */;
			buildPhases = (
				C42F21802B72D77500EFB3D6 /* Sources */,
				C42F21812B72D77500EFB3D6 /* Frameworks */,
				C42F21822B72D77500EFB3D6 /* Resources */,
			);
			buildRules = (
			);
			dependencies = (
				C42F21862B72D77500EFB3D6 /* PBXTargetDependency */,
			);
			name = HabitTrackerUITests;
			productName = HabitTrackerUITests;
			productReference = C42F21842B72D77500EFB3D6 /* HabitTrackerUITests.xctest */;
			productType = "com.apple.product-type.bundle.ui-testing";
		};
/* End PBXNativeTarget section */

/* Begin PBXProject section */
		C42F215C2B72D77300EFB3D6 /* Project object */ = {
			isa = PBXProject;
			attributes = {
				BuildIndependentTargetsInParallel = 1;
				LastSwiftUpdateCheck = 1430;
				LastUpgradeCheck = 1430;
				TargetAttributes = {
					C42F21632B72D77300EFB3D6 = {
						CreatedOnToolsVersion = 14.3.1;
					};
					C42F21792B72D77500EFB3D6 = {
						CreatedOnToolsVersion = 14.3.1;
						TestTargetID = C42F21632B72D77300EFB3D6;
					};
					C42F21832B72D77500EFB3D6 = {
						CreatedOnToolsVersion = 14.3.1;
						TestTargetID = C42F21632B72D77300EFB3D6;
					};
				};
			};
			buildConfigurationList = C42F215F2B72D77300EFB3D6 /* Build configuration list for PBXProject "HabitTracker" */;
			compatibilityVersion = "Xcode 14.0";
			developmentRegion = en;
			hasScannedForEncodings = 0;
			knownRegions = (
				en,
				Base,
			);
			mainGroup = C42F215B2B72D77300EFB3D6;
			productRefGroup = C42F21652B72D77300EFB3D6 /* Products */;
			projectDirPath = "";
			projectRoot = "";
			targets = (
				C42F21632B72D77300EFB3D6 /* HabitTracker */,
				C42F21792B72D77500EFB3D6 /* HabitTrackerTests */,
				C42F21832B72D77500EFB3D6 /* HabitTrackerUITests */,
			);
		};
/* End PBXProject section */

/* Begin PBXResourcesBuildPhase section */
		C42F21622B72D77300EFB3D6 /* Resources */ = {
			isa = PBXResourcesBuildPhase;
			buildActionMask = 2147483647;
			files = (
				C42F21752B72D77400EFB3D6 /* Preview Assets.xcassets in Resources */,
				C42F21712B72D77400EFB3D6 /* Assets.xcassets in Resources */,
			);
			runOnlyForDeploymentPostprocessing = 0;
		};
		C42F21782B72D77500EFB3D6 /* Resources */ = {
			isa = PBXResourcesBuildPhase;
			buildActionMask = 2147483647;
			files = (
			);
			runOnlyForDeploymentPostprocessing = 0;
		};
		C42F21822B72D77500EFB3D6 /* Resources */ = {
			isa = PBXResourcesBuildPhase;
			buildActionMask = 2147483647;
			files = (
			);
			runOnlyForDeploymentPostprocessing = 0;
		};
/* End PBXResourcesBuildPhase section */

/* Begin PBXSourcesBuildPhase section */
		C42F21602B72D77300EFB3D6 /* Sources */ = {
			isa = PBXSourcesBuildPhase;
			buildActionMask = 2147483647;
			files = (
				C42F21A82B72FC2600EFB3D6 /* AppColors.swift in Sources */,
				C42F21A52B72F68300EFB3D6 /* TextFieldStyles.swift in Sources */,
				C42F21A22B72EEDC00EFB3D6 /* AddButton.swift in Sources */,
				C4DBE39B2B7440750021E333 /* HabitModel.swift in Sources */,
				C42F21682B72D77300EFB3D6 /* HabitTrackerApp.swift in Sources */,
				C42F216A2B72D77300EFB3D6 /* Persistence.swift in Sources */,
				C42F219C2B72DF6F00EFB3D6 /* HabitViewModel.swift in Sources */,
				C4DBE39D2B74795D0021E333 /* HTDefaults.swift in Sources */,
				C42F216F2B72D77300EFB3D6 /* ContentView.swift in Sources */,
				C42F216D2B72D77300EFB3D6 /* HabitTracker.xcdatamodeld in Sources */,
			);
			runOnlyForDeploymentPostprocessing = 0;
		};
		C42F21762B72D77500EFB3D6 /* Sources */ = {
			isa = PBXSourcesBuildPhase;
			buildActionMask = 2147483647;
			files = (
				C42F217F2B72D77500EFB3D6 /* HabitTrackerTests.swift in Sources */,
			);
			runOnlyForDeploymentPostprocessing = 0;
		};
		C42F21802B72D77500EFB3D6 /* Sources */ = {
			isa = PBXSourcesBuildPhase;
			buildActionMask = 2147483647;
			files = (
				C42F218B2B72D77500EFB3D6 /* HabitTrackerUITestsLaunchTests.swift in Sources */,
				C42F21892B72D77500EFB3D6 /* HabitTrackerUITests.swift in Sources */,
			);
			runOnlyForDeploymentPostprocessing = 0;
		};
/* End PBXSourcesBuildPhase section */

/* Begin PBXTargetDependency section */
		C42F217C2B72D77500EFB3D6 /* PBXTargetDependency */ = {
			isa = PBXTargetDependency;
			target = C42F21632B72D77300EFB3D6 /* HabitTracker */;
			targetProxy = C42F217B2B72D77500EFB3D6 /* PBXContainerItemProxy */;
		};
		C42F21862B72D77500EFB3D6 /* PBXTargetDependency */ = {
			isa = PBXTargetDependency;
			target = C42F21632B72D77300EFB3D6 /* HabitTracker */;
			targetProxy = C42F21852B72D77500EFB3D6 /* PBXContainerItemProxy */;
		};
/* End PBXTargetDependency section */

/* Begin XCBuildConfiguration section */
		C42F218C2B72D77500EFB3D6 /* Debug */ = {
			isa = XCBuildConfiguration;
			buildSettings = {
				ALWAYS_SEARCH_USER_PATHS = NO;
				CLANG_ANALYZER_NONNULL = YES;
				CLANG_ANALYZER_NUMBER_OBJECT_CONVERSION = YES_AGGRESSIVE;
				CLANG_CXX_LANGUAGE_STANDARD = "gnu++20";
				CLANG_ENABLE_MODULES = YES;
				CLANG_ENABLE_OBJC_ARC = YES;
				CLANG_ENABLE_OBJC_WEAK = YES;
				CLANG_WARN_BLOCK_CAPTURE_AUTORELEASING = YES;
				CLANG_WARN_BOOL_CONVERSION = YES;
				CLANG_WARN_COMMA = YES;
				CLANG_WARN_CONSTANT_CONVERSION = YES;
				CLANG_WARN_DEPRECATED_OBJC_IMPLEMENTATIONS = YES;
				CLANG_WARN_DIRECT_OBJC_ISA_USAGE = YES_ERROR;
				CLANG_WARN_DOCUMENTATION_COMMENTS = YES;
				CLANG_WARN_EMPTY_BODY = YES;
				CLANG_WARN_ENUM_CONVERSION = YES;
				CLANG_WARN_INFINITE_RECURSION = YES;
				CLANG_WARN_INT_CONVERSION = YES;
				CLANG_WARN_NON_LITERAL_NULL_CONVERSION = YES;
				CLANG_WARN_OBJC_IMPLICIT_RETAIN_SELF = YES;
				CLANG_WARN_OBJC_LITERAL_CONVERSION = YES;
				CLANG_WARN_OBJC_ROOT_CLASS = YES_ERROR;
				CLANG_WARN_QUOTED_INCLUDE_IN_FRAMEWORK_HEADER = YES;
				CLANG_WARN_RANGE_LOOP_ANALYSIS = YES;
				CLANG_WARN_STRICT_PROTOTYPES = YES;
				CLANG_WARN_SUSPICIOUS_MOVE = YES;
				CLANG_WARN_UNGUARDED_AVAILABILITY = YES_AGGRESSIVE;
				CLANG_WARN_UNREACHABLE_CODE = YES;
				CLANG_WARN__DUPLICATE_METHOD_MATCH = YES;
				COPY_PHASE_STRIP = NO;
				DEBUG_INFORMATION_FORMAT = dwarf;
				ENABLE_STRICT_OBJC_MSGSEND = YES;
				ENABLE_TESTABILITY = YES;
				GCC_C_LANGUAGE_STANDARD = gnu11;
				GCC_DYNAMIC_NO_PIC = NO;
				GCC_NO_COMMON_BLOCKS = YES;
				GCC_OPTIMIZATION_LEVEL = 0;
				GCC_PREPROCESSOR_DEFINITIONS = (
					"DEBUG=1",
					"$(inherited)",
				);
				GCC_WARN_64_TO_32_BIT_CONVERSION = YES;
				GCC_WARN_ABOUT_RETURN_TYPE = YES_ERROR;
				GCC_WARN_UNDECLARED_SELECTOR = YES;
				GCC_WARN_UNINITIALIZED_AUTOS = YES_AGGRESSIVE;
				GCC_WARN_UNUSED_FUNCTION = YES;
				GCC_WARN_UNUSED_VARIABLE = YES;
				MTL_ENABLE_DEBUG_INFO = INCLUDE_SOURCE;
				MTL_FAST_MATH = YES;
				ONLY_ACTIVE_ARCH = YES;
				SWIFT_ACTIVE_COMPILATION_CONDITIONS = DEBUG;
				SWIFT_OPTIMIZATION_LEVEL = "-Onone";
			};
			name = Debug;
		};
		C42F218D2B72D77500EFB3D6 /* Release */ = {
			isa = XCBuildConfiguration;
			buildSettings = {
				ALWAYS_SEARCH_USER_PATHS = NO;
				CLANG_ANALYZER_NONNULL = YES;
				CLANG_ANALYZER_NUMBER_OBJECT_CONVERSION = YES_AGGRESSIVE;
				CLANG_CXX_LANGUAGE_STANDARD = "gnu++20";
				CLANG_ENABLE_MODULES = YES;
				CLANG_ENABLE_OBJC_ARC = YES;
				CLANG_ENABLE_OBJC_WEAK = YES;
				CLANG_WARN_BLOCK_CAPTURE_AUTORELEASING = YES;
				CLANG_WARN_BOOL_CONVERSION = YES;
				CLANG_WARN_COMMA = YES;
				CLANG_WARN_CONSTANT_CONVERSION = YES;
				CLANG_WARN_DEPRECATED_OBJC_IMPLEMENTATIONS = YES;
				CLANG_WARN_DIRECT_OBJC_ISA_USAGE = YES_ERROR;
				CLANG_WARN_DOCUMENTATION_COMMENTS = YES;
				CLANG_WARN_EMPTY_BODY = YES;
				CLANG_WARN_ENUM_CONVERSION = YES;
				CLANG_WARN_INFINITE_RECURSION = YES;
				CLANG_WARN_INT_CONVERSION = YES;
				CLANG_WARN_NON_LITERAL_NULL_CONVERSION = YES;
				CLANG_WARN_OBJC_IMPLICIT_RETAIN_SELF = YES;
				CLANG_WARN_OBJC_LITERAL_CONVERSION = YES;
				CLANG_WARN_OBJC_ROOT_CLASS = YES_ERROR;
				CLANG_WARN_QUOTED_INCLUDE_IN_FRAMEWORK_HEADER = YES;
				CLANG_WARN_RANGE_LOOP_ANALYSIS = YES;
				CLANG_WARN_STRICT_PROTOTYPES = YES;
				CLANG_WARN_SUSPICIOUS_MOVE = YES;
				CLANG_WARN_UNGUARDED_AVAILABILITY = YES_AGGRESSIVE;
				CLANG_WARN_UNREACHABLE_CODE = YES;
				CLANG_WARN__DUPLICATE_METHOD_MATCH = YES;
				COPY_PHASE_STRIP = NO;
				DEBUG_INFORMATION_FORMAT = "dwarf-with-dsym";
				ENABLE_NS_ASSERTIONS = NO;
				ENABLE_STRICT_OBJC_MSGSEND = YES;
				GCC_C_LANGUAGE_STANDARD = gnu11;
				GCC_NO_COMMON_BLOCKS = YES;
				GCC_WARN_64_TO_32_BIT_CONVERSION = YES;
				GCC_WARN_ABOUT_RETURN_TYPE = YES_ERROR;
				GCC_WARN_UNDECLARED_SELECTOR = YES;
				GCC_WARN_UNINITIALIZED_AUTOS = YES_AGGRESSIVE;
				GCC_WARN_UNUSED_FUNCTION = YES;
				GCC_WARN_UNUSED_VARIABLE = YES;
				MTL_ENABLE_DEBUG_INFO = NO;
				MTL_FAST_MATH = YES;
				SWIFT_COMPILATION_MODE = wholemodule;
				SWIFT_OPTIMIZATION_LEVEL = "-O";
			};
			name = Release;
		};
		C42F218F2B72D77500EFB3D6 /* Debug */ = {
			isa = XCBuildConfiguration;
			buildSettings = {
				ASSETCATALOG_COMPILER_APPICON_NAME = AppIcon;
				ASSETCATALOG_COMPILER_GLOBAL_ACCENT_COLOR_NAME = AccentColor;
				CODE_SIGN_ENTITLEMENTS = HabitTracker/HabitTracker.entitlements;
				CODE_SIGN_STYLE = Automatic;
				CURRENT_PROJECT_VERSION = 1;
				DEVELOPMENT_ASSET_PATHS = "\"HabitTracker/Preview Content\"";
				DEVELOPMENT_TEAM = 4YN6MN32WP;
				ENABLE_HARDENED_RUNTIME = YES;
				ENABLE_PREVIEWS = YES;
				GENERATE_INFOPLIST_FILE = YES;
				"INFOPLIST_KEY_UIApplicationSceneManifest_Generation[sdk=iphoneos*]" = YES;
				"INFOPLIST_KEY_UIApplicationSceneManifest_Generation[sdk=iphonesimulator*]" = YES;
				"INFOPLIST_KEY_UIApplicationSupportsIndirectInputEvents[sdk=iphoneos*]" = YES;
				"INFOPLIST_KEY_UIApplicationSupportsIndirectInputEvents[sdk=iphonesimulator*]" = YES;
				"INFOPLIST_KEY_UILaunchScreen_Generation[sdk=iphoneos*]" = YES;
				"INFOPLIST_KEY_UILaunchScreen_Generation[sdk=iphonesimulator*]" = YES;
				"INFOPLIST_KEY_UIStatusBarStyle[sdk=iphoneos*]" = UIStatusBarStyleDefault;
				"INFOPLIST_KEY_UIStatusBarStyle[sdk=iphonesimulator*]" = UIStatusBarStyleDefault;
				INFOPLIST_KEY_UISupportedInterfaceOrientations_iPad = "UIInterfaceOrientationPortrait UIInterfaceOrientationPortraitUpsideDown UIInterfaceOrientationLandscapeLeft UIInterfaceOrientationLandscapeRight";
				INFOPLIST_KEY_UISupportedInterfaceOrientations_iPhone = "UIInterfaceOrientationPortrait UIInterfaceOrientationLandscapeLeft UIInterfaceOrientationLandscapeRight";
				IPHONEOS_DEPLOYMENT_TARGET = 16.4;
				LD_RUNPATH_SEARCH_PATHS = "@executable_path/Frameworks";
				"LD_RUNPATH_SEARCH_PATHS[sdk=macosx*]" = "@executable_path/../Frameworks";
				MACOSX_DEPLOYMENT_TARGET = 13.3;
				MARKETING_VERSION = 1.0;
				PRODUCT_BUNDLE_IDENTIFIER = hallegv1.HabitTracker;
				PRODUCT_NAME = "$(TARGET_NAME)";
				SDKROOT = auto;
				SUPPORTED_PLATFORMS = "iphoneos iphonesimulator macosx";
				SWIFT_EMIT_LOC_STRINGS = YES;
				SWIFT_VERSION = 5.0;
				TARGETED_DEVICE_FAMILY = "1,2";
			};
			name = Debug;
		};
		C42F21902B72D77500EFB3D6 /* Release */ = {
			isa = XCBuildConfiguration;
			buildSettings = {
				ASSETCATALOG_COMPILER_APPICON_NAME = AppIcon;
				ASSETCATALOG_COMPILER_GLOBAL_ACCENT_COLOR_NAME = AccentColor;
				CODE_SIGN_ENTITLEMENTS = HabitTracker/HabitTracker.entitlements;
				CODE_SIGN_STYLE = Automatic;
				CURRENT_PROJECT_VERSION = 1;
				DEVELOPMENT_ASSET_PATHS = "\"HabitTracker/Preview Content\"";
				DEVELOPMENT_TEAM = 4YN6MN32WP;
				ENABLE_HARDENED_RUNTIME = YES;
				ENABLE_PREVIEWS = YES;
				GENERATE_INFOPLIST_FILE = YES;
				"INFOPLIST_KEY_UIApplicationSceneManifest_Generation[sdk=iphoneos*]" = YES;
				"INFOPLIST_KEY_UIApplicationSceneManifest_Generation[sdk=iphonesimulator*]" = YES;
				"INFOPLIST_KEY_UIApplicationSupportsIndirectInputEvents[sdk=iphoneos*]" = YES;
				"INFOPLIST_KEY_UIApplicationSupportsIndirectInputEvents[sdk=iphonesimulator*]" = YES;
				"INFOPLIST_KEY_UILaunchScreen_Generation[sdk=iphoneos*]" = YES;
				"INFOPLIST_KEY_UILaunchScreen_Generation[sdk=iphonesimulator*]" = YES;
				"INFOPLIST_KEY_UIStatusBarStyle[sdk=iphoneos*]" = UIStatusBarStyleDefault;
				"INFOPLIST_KEY_UIStatusBarStyle[sdk=iphonesimulator*]" = UIStatusBarStyleDefault;
				INFOPLIST_KEY_UISupportedInterfaceOrientations_iPad = "UIInterfaceOrientationPortrait UIInterfaceOrientationPortraitUpsideDown UIInterfaceOrientationLandscapeLeft UIInterfaceOrientationLandscapeRight";
				INFOPLIST_KEY_UISupportedInterfaceOrientations_iPhone = "UIInterfaceOrientationPortrait UIInterfaceOrientationLandscapeLeft UIInterfaceOrientationLandscapeRight";
				IPHONEOS_DEPLOYMENT_TARGET = 16.4;
				LD_RUNPATH_SEARCH_PATHS = "@executable_path/Frameworks";
				"LD_RUNPATH_SEARCH_PATHS[sdk=macosx*]" = "@executable_path/../Frameworks";
				MACOSX_DEPLOYMENT_TARGET = 13.3;
				MARKETING_VERSION = 1.0;
				PRODUCT_BUNDLE_IDENTIFIER = hallegv1.HabitTracker;
				PRODUCT_NAME = "$(TARGET_NAME)";
				SDKROOT = auto;
				SUPPORTED_PLATFORMS = "iphoneos iphonesimulator macosx";
				SWIFT_EMIT_LOC_STRINGS = YES;
				SWIFT_VERSION = 5.0;
				TARGETED_DEVICE_FAMILY = "1,2";
			};
			name = Release;
		};
		C42F21922B72D77500EFB3D6 /* Debug */ = {
			isa = XCBuildConfiguration;
			buildSettings = {
				ALWAYS_EMBED_SWIFT_STANDARD_LIBRARIES = YES;
				BUNDLE_LOADER = "$(TEST_HOST)";
				CODE_SIGN_STYLE = Automatic;
				CURRENT_PROJECT_VERSION = 1;
				DEVELOPMENT_TEAM = 4YN6MN32WP;
				GENERATE_INFOPLIST_FILE = YES;
				IPHONEOS_DEPLOYMENT_TARGET = 16.4;
				MACOSX_DEPLOYMENT_TARGET = 13.3;
				MARKETING_VERSION = 1.0;
				PRODUCT_BUNDLE_IDENTIFIER = hallegv1.HabitTrackerTests;
				PRODUCT_NAME = "$(TARGET_NAME)";
				SDKROOT = auto;
				SUPPORTED_PLATFORMS = "iphoneos iphonesimulator macosx";
				SWIFT_EMIT_LOC_STRINGS = NO;
				SWIFT_VERSION = 5.0;
				TARGETED_DEVICE_FAMILY = "1,2";
				TEST_HOST = "$(BUILT_PRODUCTS_DIR)/HabitTracker.app/$(BUNDLE_EXECUTABLE_FOLDER_PATH)/HabitTracker";
			};
			name = Debug;
		};
		C42F21932B72D77500EFB3D6 /* Release */ = {
			isa = XCBuildConfiguration;
			buildSettings = {
				ALWAYS_EMBED_SWIFT_STANDARD_LIBRARIES = YES;
				BUNDLE_LOADER = "$(TEST_HOST)";
				CODE_SIGN_STYLE = Automatic;
				CURRENT_PROJECT_VERSION = 1;
				DEVELOPMENT_TEAM = 4YN6MN32WP;
				GENERATE_INFOPLIST_FILE = YES;
				IPHONEOS_DEPLOYMENT_TARGET = 16.4;
				MACOSX_DEPLOYMENT_TARGET = 13.3;
				MARKETING_VERSION = 1.0;
				PRODUCT_BUNDLE_IDENTIFIER = hallegv1.HabitTrackerTests;
				PRODUCT_NAME = "$(TARGET_NAME)";
				SDKROOT = auto;
				SUPPORTED_PLATFORMS = "iphoneos iphonesimulator macosx";
				SWIFT_EMIT_LOC_STRINGS = NO;
				SWIFT_VERSION = 5.0;
				TARGETED_DEVICE_FAMILY = "1,2";
				TEST_HOST = "$(BUILT_PRODUCTS_DIR)/HabitTracker.app/$(BUNDLE_EXECUTABLE_FOLDER_PATH)/HabitTracker";
			};
			name = Release;
		};
		C42F21952B72D77500EFB3D6 /* Debug */ = {
			isa = XCBuildConfiguration;
			buildSettings = {
				ALWAYS_EMBED_SWIFT_STANDARD_LIBRARIES = YES;
				CODE_SIGN_STYLE = Automatic;
				CURRENT_PROJECT_VERSION = 1;
				DEVELOPMENT_TEAM = 4YN6MN32WP;
				GENERATE_INFOPLIST_FILE = YES;
				IPHONEOS_DEPLOYMENT_TARGET = 16.4;
				MACOSX_DEPLOYMENT_TARGET = 13.3;
				MARKETING_VERSION = 1.0;
				PRODUCT_BUNDLE_IDENTIFIER = hallegv1.HabitTrackerUITests;
				PRODUCT_NAME = "$(TARGET_NAME)";
				SDKROOT = auto;
				SUPPORTED_PLATFORMS = "iphoneos iphonesimulator macosx";
				SWIFT_EMIT_LOC_STRINGS = NO;
				SWIFT_VERSION = 5.0;
				TARGETED_DEVICE_FAMILY = "1,2";
				TEST_TARGET_NAME = HabitTracker;
			};
			name = Debug;
		};
		C42F21962B72D77500EFB3D6 /* Release */ = {
			isa = XCBuildConfiguration;
			buildSettings = {
				ALWAYS_EMBED_SWIFT_STANDARD_LIBRARIES = YES;
				CODE_SIGN_STYLE = Automatic;
				CURRENT_PROJECT_VERSION = 1;
				DEVELOPMENT_TEAM = 4YN6MN32WP;
				GENERATE_INFOPLIST_FILE = YES;
				IPHONEOS_DEPLOYMENT_TARGET = 16.4;
				MACOSX_DEPLOYMENT_TARGET = 13.3;
				MARKETING_VERSION = 1.0;
				PRODUCT_BUNDLE_IDENTIFIER = hallegv1.HabitTrackerUITests;
				PRODUCT_NAME = "$(TARGET_NAME)";
				SDKROOT = auto;
				SUPPORTED_PLATFORMS = "iphoneos iphonesimulator macosx";
				SWIFT_EMIT_LOC_STRINGS = NO;
				SWIFT_VERSION = 5.0;
				TARGETED_DEVICE_FAMILY = "1,2";
				TEST_TARGET_NAME = HabitTracker;
			};
			name = Release;
		};
/* End XCBuildConfiguration section */

/* Begin XCConfigurationList section */
		C42F215F2B72D77300EFB3D6 /* Build configuration list for PBXProject "HabitTracker" */ = {
			isa = XCConfigurationList;
			buildConfigurations = (
				C42F218C2B72D77500EFB3D6 /* Debug */,
				C42F218D2B72D77500EFB3D6 /* Release */,
			);
			defaultConfigurationIsVisible = 0;
			defaultConfigurationName = Release;
		};
		C42F218E2B72D77500EFB3D6 /* Build configuration list for PBXNativeTarget "HabitTracker" */ = {
			isa = XCConfigurationList;
			buildConfigurations = (
				C42F218F2B72D77500EFB3D6 /* Debug */,
				C42F21902B72D77500EFB3D6 /* Release */,
			);
			defaultConfigurationIsVisible = 0;
			defaultConfigurationName = Release;
		};
		C42F21912B72D77500EFB3D6 /* Build configuration list for PBXNativeTarget "HabitTrackerTests" */ = {
			isa = XCConfigurationList;
			buildConfigurations = (
				C42F21922B72D77500EFB3D6 /* Debug */,
				C42F21932B72D77500EFB3D6 /* Release */,
			);
			defaultConfigurationIsVisible = 0;
			defaultConfigurationName = Release;
		};
		C42F21942B72D77500EFB3D6 /* Build configuration list for PBXNativeTarget "HabitTrackerUITests" */ = {
			isa = XCConfigurationList;
			buildConfigurations = (
				C42F21952B72D77500EFB3D6 /* Debug */,
				C42F21962B72D77500EFB3D6 /* Release */,
			);
			defaultConfigurationIsVisible = 0;
			defaultConfigurationName = Release;
		};
/* End XCConfigurationList section */

/* Begin XCVersionGroup section */
		C42F216B2B72D77300EFB3D6 /* HabitTracker.xcdatamodeld */ = {
			isa = XCVersionGroup;
			children = (
				C42F216C2B72D77300EFB3D6 /* HabitTracker.xcdatamodel */,
			);
			currentVersion = C42F216C2B72D77300EFB3D6 /* HabitTracker.xcdatamodel */;
			path = HabitTracker.xcdatamodeld;
			sourceTree = "<group>";
			versionGroupType = wrapper.xcdatamodel;
		};
/* End XCVersionGroup section */
	};
	rootObject = C42F215C2B72D77300EFB3D6 /* Project object */;
}
